Microsoft Visual Studio Solution File, Format Version 12.00
# Visual Studio Version 17
VisualStudioVersion = 17.5.2.0
MinimumVisualStudioVersion = 10.0.40219.1
Project("{FAE04EC0-301F-11D3-BF4B-00C04F79EFBC}") = "C# Testing", "C# Testing\C# Testing.csproj", "{D90835E4-39D1-79F7-15E8-36009D9B8995}"
EndProject
Global
	GlobalSection(SolutionConfigurationPlatforms) = preSolution
		Debug|Any CPU = Debug|Any CPU
		Release|Any CPU = Release|Any CPU
	EndGlobalSection
	GlobalSection(ProjectConfigurationPlatforms) = postSolution
		{D90835E4-39D1-79F7-15E8-36009D9B8995}.Debug|Any CPU.ActiveCfg = Debug|Any CPU
		{D90835E4-39D1-79F7-15E8-36009D9B8995}.Debug|Any CPU.Build.0 = Debug|Any CPU
		{D90835E4-39D1-79F7-15E8-36009D9B8995}.Release|Any CPU.ActiveCfg = Release|Any CPU
		{D90835E4-39D1-79F7-15E8-36009D9B8995}.Release|Any CPU.Build.0 = Release|Any CPU
	EndGlobalSection
	GlobalSection(SolutionProperties) = preSolution
		HideSolutionNode = FALSE
	EndGlobalSection
	GlobalSection(ExtensibilityGlobals) = postSolution
		SolutionGuid = {2E960A7F-AE35-42C5-9C70-CAE95C9C9CB6}
	EndGlobalSection
EndGlobal
